
Microsoft Visual Studio Solution File, Format Version 12.00
# Visual Studio 15
VisualStudioVersion = 15.0.26730.10
MinimumVisualStudioVersion = 10.0.40219.1
Project("{E24C65DC-7377-472B-9ABA-BC803B73C61A}") = "Snake", "..\..\WebSites\Snake\", "{A81C2CC9-63CB-4CCF-A520-E02E75ED464B}"
	ProjectSection(WebsiteProperties) = preProject
		TargetFrameworkMoniker = ".NETFramework,Version%3Dv4.6.1"
		Debug.AspNetCompiler.VirtualPath = "/localhost_53611"
		Debug.AspNetCompiler.PhysicalPath = "..\..\WebSites\Snake\"
		Debug.AspNetCompiler.TargetPath = "PrecompiledWeb\localhost_53611\"
		Debug.AspNetCompiler.Updateable = "true"
		Debug.AspNetCompiler.ForceOverwrite = "true"
		Debug.AspNetCompiler.FixedNames = "false"
		Debug.AspNetCompiler.Debug = "True"
		Release.AspNetCompiler.VirtualPath = "/localhost_53611"
		Release.AspNetCompiler.PhysicalPath = "..\..\WebSites\Snake\"
		Release.AspNetCompiler.TargetPath = "PrecompiledWeb\localhost_53611\"
		Release.AspNetCompiler.Updateable = "true"
		Release.AspNetCompiler.ForceOverwrite = "true"
		Release.AspNetCompiler.FixedNames = "false"
		Release.AspNetCompiler.Debug = "False"
		VWDPort = "53611"
		SlnRelativePath = "..\..\WebSites\Snake\"
		DefaultWebSiteLanguage = "Visual C#"
	EndProjectSection
EndProject
Global
	GlobalSection(SolutionConfigurationPlatforms) = preSolution
		Debug|Any CPU = Debug|Any CPU
	EndGlobalSection
	GlobalSection(ProjectConfigurationPlatforms) = postSolution
		{A81C2CC9-63CB-4CCF-A520-E02E75ED464B}.Debug|Any CPU.ActiveCfg = Debug|Any CPU
		{A81C2CC9-63CB-4CCF-A520-E02E75ED464B}.Debug|Any CPU.Build.0 = Debug|Any CPU
	EndGlobalSection
	GlobalSection(SolutionProperties) = preSolution
		HideSolutionNode = FALSE
	EndGlobalSection
	GlobalSection(ExtensibilityGlobals) = postSolution
		SolutionGuid = {87254B65-44DE-4227-B8CB-6EC77B1712FC}
	EndGlobalSection
EndGlobal
